// !$*UTF8*$!
{
	archiveVersion = 1;
	classes = {
	};
	objectVersion = 46;
	objects = {

/* Begin PBXBuildFile section */
		5E5CEA41E12D3044F21BE450 /* libPods.a in Frameworks */ = {isa = PBXBuildFile; fileRef = 2AF94A34C792C1EF63A5A9E1 /* libPods.a */; };
		F3525F101B56855D006867A2 /* main.m in Sources */ = {isa = PBXBuildFile; fileRef = F3525F0F1B56855D006867A2 /* main.m */; };
		F3525F131B56855D006867A2 /* AppDelegate.m in Sources */ = {isa = PBXBuildFile; fileRef = F3525F121B56855D006867A2 /* AppDelegate.m */; };
		F3525F161B56855D006867A2 /* ViewController.m in Sources */ = {isa = PBXBuildFile; fileRef = F3525F151B56855D006867A2 /* ViewController.m */; };
		F3525F191B56855D006867A2 /* Main.storyboard in Resources */ = {isa = PBXBuildFile; fileRef = F3525F171B56855D006867A2 /* Main.storyboard */; };
		F3525F1B1B56855D006867A2 /* Images.xcassets in Resources */ = {isa = PBXBuildFile; fileRef = F3525F1A1B56855D006867A2 /* Images.xcassets */; };
		F3525F1E1B56855D006867A2 /* LaunchScreen.xib in Resources */ = {isa = PBXBuildFile; fileRef = F3525F1C1B56855D006867A2 /* LaunchScreen.xib */; };
		F3525F2A1B56855D006867A2 /* ParagonTests.m in Sources */ = {isa = PBXBuildFile; fileRef = F3525F291B56855D006867A2 /* ParagonTests.m */; };
/* End PBXBuildFile section */

/* Begin PBXContainerItemProxy section */
		F3525F241B56855D006867A2 /* PBXContainerItemProxy */ = {
			isa = PBXContainerItemProxy;
			containerPortal = F3525F021B56855D006867A2 /* Project object */;
			proxyType = 1;
			remoteGlobalIDString = F3525F091B56855D006867A2;
			remoteInfo = Paragon;
		};
/* End PBXContainerItemProxy section */

/* Begin PBXFileReference section */
		2AF94A34C792C1EF63A5A9E1 /* libPods.a */ = {isa = PBXFileReference; explicitFileType = archive.ar; includeInIndex = 0; path = libPods.a; sourceTree = BUILT_PRODUCTS_DIR; };
		5EF7DA326440AA4E37B3947A /* Pods.debug.xcconfig */ = {isa = PBXFileReference; includeInIndex = 1; lastKnownFileType = text.xcconfig; name = Pods.debug.xcconfig; path = "../Pods/Target Support Files/Pods/Pods.debug.xcconfig"; sourceTree = "<group>"; };
		F3525F0A1B56855D006867A2 /* Paragon.app */ = {isa = PBXFileReference; explicitFileType = wrapper.application; includeInIndex = 0; path = Paragon.app; sourceTree = BUILT_PRODUCTS_DIR; };
		F3525F0E1B56855D006867A2 /* Info.plist */ = {isa = PBXFileReference; lastKnownFileType = text.plist.xml; path = Info.plist; sourceTree = "<group>"; };
		F3525F0F1B56855D006867A2 /* main.m */ = {isa = PBXFileReference; lastKnownFileType = sourcecode.c.objc; path = main.m; sourceTree = "<group>"; };
		F3525F111B56855D006867A2 /* AppDelegate.h */ = {isa = PBXFileReference; lastKnownFileType = sourcecode.c.h; path = AppDelegate.h; sourceTree = "<group>"; };
		F3525F121B56855D006867A2 /* AppDelegate.m */ = {isa = PBXFileReference; lastKnownFileType = sourcecode.c.objc; path = AppDelegate.m; sourceTree = "<group>"; };
		F3525F141B56855D006867A2 /* ViewController.h */ = {isa = PBXFileReference; lastKnownFileType = sourcecode.c.h; path = ViewController.h; sourceTree = "<group>"; };
		F3525F151B56855D006867A2 /* ViewController.m */ = {isa = PBXFileReference; lastKnownFileType = sourcecode.c.objc; path = ViewController.m; sourceTree = "<group>"; };
		F3525F181B56855D006867A2 /* Base */ = {isa = PBXFileReference; lastKnownFileType = file.storyboard; name = Base; path = Base.lproj/Main.storyboard; sourceTree = "<group>"; };
		F3525F1A1B56855D006867A2 /* Images.xcassets */ = {isa = PBXFileReference; lastKnownFileType = folder.assetcatalog; path = Images.xcassets; sourceTree = "<group>"; };
		F3525F1D1B56855D006867A2 /* Base */ = {isa = PBXFileReference; lastKnownFileType = file.xib; name = Base; path = Base.lproj/LaunchScreen.xib; sourceTree = "<group>"; };
		F3525F231B56855D006867A2 /* ParagonTests.xctest */ = {isa = PBXFileReference; explicitFileType = wrapper.cfbundle; includeInIndex = 0; path = ParagonTests.xctest; sourceTree = BUILT_PRODUCTS_DIR; };
		F3525F281B56855D006867A2 /* Info.plist */ = {isa = PBXFileReference; lastKnownFileType = text.plist.xml; path = Info.plist; sourceTree = "<group>"; };
		F3525F291B56855D006867A2 /* ParagonTests.m */ = {isa = PBXFileReference; lastKnownFileType = sourcecode.c.objc; path = ParagonTests.m; sourceTree = "<group>"; };
		F616DA5A485A8FF18BF670E1 /* Pods.release.xcconfig */ = {isa = PBXFileReference; includeInIndex = 1; lastKnownFileType = text.xcconfig; name = Pods.release.xcconfig; path = "../Pods/Target Support Files/Pods/Pods.release.xcconfig"; sourceTree = "<group>"; };
/* End PBXFileReference section */

/* Begin PBXFrameworksBuildPhase section */
		F3525F071B56855D006867A2 /* Frameworks */ = {
			isa = PBXFrameworksBuildPhase;
			buildActionMask = 2147483647;
			files = (
				5E5CEA41E12D3044F21BE450 /* libPods.a in Frameworks */,
			);
			runOnlyForDeploymentPostprocessing = 0;
		};
		F3525F201B56855D006867A2 /* Frameworks */ = {
			isa = PBXFrameworksBuildPhase;
			buildActionMask = 2147483647;
			files = (
			);
			runOnlyForDeploymentPostprocessing = 0;
		};
/* End PBXFrameworksBuildPhase section */

/* Begin PBXGroup section */
		2D7E8E991806C3E844814EE5 /* Pods */ = {
			isa = PBXGroup;
			children = (
				5EF7DA326440AA4E37B3947A /* Pods.debug.xcconfig */,
				F616DA5A485A8FF18BF670E1 /* Pods.release.xcconfig */,
			);
			name = Pods;
			sourceTree = "<group>";
		};
		66CCD2D4C45CE1A3F065AF6F /* Frameworks */ = {
			isa = PBXGroup;
			children = (
				2AF94A34C792C1EF63A5A9E1 /* libPods.a */,
			);
			name = Frameworks;
			sourceTree = "<group>";
		};
		F3525F011B56855D006867A2 = {
			isa = PBXGroup;
			children = (
				F3525F0C1B56855D006867A2 /* Paragon */,
				F3525F261B56855D006867A2 /* ParagonTests */,
				F3525F0B1B56855D006867A2 /* Products */,
				2D7E8E991806C3E844814EE5 /* Pods */,
				66CCD2D4C45CE1A3F065AF6F /* Frameworks */,
			);
			sourceTree = "<group>";
		};
		F3525F0B1B56855D006867A2 /* Products */ = {
			isa = PBXGroup;
			children = (
				F3525F0A1B56855D006867A2 /* Paragon.app */,
				F3525F231B56855D006867A2 /* ParagonTests.xctest */,
			);
			name = Products;
			sourceTree = "<group>";
		};
		F3525F0C1B56855D006867A2 /* Paragon */ = {
			isa = PBXGroup;
			children = (
				F3525F111B56855D006867A2 /* AppDelegate.h */,
				F3525F121B56855D006867A2 /* AppDelegate.m */,
				F3525F141B56855D006867A2 /* ViewController.h */,
				F3525F151B56855D006867A2 /* ViewController.m */,
				F3525F171B56855D006867A2 /* Main.storyboard */,
				F3525F1A1B56855D006867A2 /* Images.xcassets */,
				F3525F1C1B56855D006867A2 /* LaunchScreen.xib */,
				F3525F0D1B56855D006867A2 /* Supporting Files */,
			);
			path = Paragon;
			sourceTree = "<group>";
		};
		F3525F0D1B56855D006867A2 /* Supporting Files */ = {
			isa = PBXGroup;
			children = (
				F3525F0E1B56855D006867A2 /* Info.plist */,
				F3525F0F1B56855D006867A2 /* main.m */,
			);
			name = "Supporting Files";
			sourceTree = "<group>";
		};
		F3525F261B56855D006867A2 /* ParagonTests */ = {
			isa = PBXGroup;
			children = (
				F3525F291B56855D006867A2 /* ParagonTests.m */,
				F3525F271B56855D006867A2 /* Supporting Files */,
			);
			path = ParagonTests;
			sourceTree = "<group>";
		};
		F3525F271B56855D006867A2 /* Supporting Files */ = {
			isa = PBXGroup;
			children = (
				F3525F281B56855D006867A2 /* Info.plist */,
			);
			name = "Supporting Files";
			sourceTree = "<group>";
		};
/* End PBXGroup section */

/* Begin PBXNativeTarget section */
		F3525F091B56855D006867A2 /* Paragon */ = {
			isa = PBXNativeTarget;
			buildConfigurationList = F3525F2D1B56855D006867A2 /* Build configuration list for PBXNativeTarget "Paragon" */;
			buildPhases = (
				1998232C88493DBA7BB08595 /* Check Pods Manifest.lock */,
				F3525F061B56855D006867A2 /* Sources */,
				F3525F071B56855D006867A2 /* Frameworks */,
				F3525F081B56855D006867A2 /* Resources */,
				CF29C9DDE18EB44472F01FBB /* Copy Pods Resources */,
			);
			buildRules = (
			);
			dependencies = (
			);
			name = Paragon;
			productName = Paragon;
			productReference = F3525F0A1B56855D006867A2 /* Paragon.app */;
			productType = "com.apple.product-type.application";
		};
		F3525F221B56855D006867A2 /* ParagonTests */ = {
			isa = PBXNativeTarget;
			buildConfigurationList = F3525F301B56855D006867A2 /* Build configuration list for PBXNativeTarget "ParagonTests" */;
			buildPhases = (
				F3525F1F1B56855D006867A2 /* Sources */,
				F3525F201B56855D006867A2 /* Frameworks */,
				F3525F211B56855D006867A2 /* Resources */,
			);
			buildRules = (
			);
			dependencies = (
				F3525F251B56855D006867A2 /* PBXTargetDependency */,
			);
			name = ParagonTests;
			productName = ParagonTests;
			productReference = F3525F231B56855D006867A2 /* ParagonTests.xctest */;
			productType = "com.apple.product-type.bundle.unit-test";
		};
/* End PBXNativeTarget section */

/* Begin PBXProject section */
		F3525F021B56855D006867A2 /* Project object */ = {
			isa = PBXProject;
			attributes = {
				LastUpgradeCheck = 0630;
				ORGANIZATIONNAME = "Davis Development";
				TargetAttributes = {
					F3525F091B56855D006867A2 = {
						CreatedOnToolsVersion = 6.3.2;
					};
					F3525F221B56855D006867A2 = {
						CreatedOnToolsVersion = 6.3.2;
						TestTargetID = F3525F091B56855D006867A2;
					};
				};
			};
			buildConfigurationList = F3525F051B56855D006867A2 /* Build configuration list for PBXProject "Paragon" */;
			compatibilityVersion = "Xcode 3.2";
			developmentRegion = English;
			hasScannedForEncodings = 0;
			knownRegions = (
				en,
				Base,
			);
			mainGroup = F3525F011B56855D006867A2;
			productRefGroup = F3525F0B1B56855D006867A2 /* Products */;
			projectDirPath = "";
			projectRoot = "";
			targets = (
				F3525F091B56855D006867A2 /* Paragon */,
				F3525F221B56855D006867A2 /* ParagonTests */,
			);
		};
/* End PBXProject section */

/* Begin PBXResourcesBuildPhase section */
		F3525F081B56855D006867A2 /* Resources */ = {
			isa = PBXResourcesBuildPhase;
			buildActionMask = 2147483647;
			files = (
				F3525F191B56855D006867A2 /* Main.storyboard in Resources */,
				F3525F1E1B56855D006867A2 /* LaunchScreen.xib in Resources */,
				F3525F1B1B56855D006867A2 /* Images.xcassets in Resources */,
			);
			runOnlyForDeploymentPostprocessing = 0;
		};
		F3525F211B56855D006867A2 /* Resources */ = {
			isa = PBXResourcesBuildPhase;
			buildActionMask = 2147483647;
			files = (
			);
			runOnlyForDeploymentPostprocessing = 0;
		};
/* End PBXResourcesBuildPhase section */

/* Begin PBXShellScriptBuildPhase section */
		1998232C88493DBA7BB08595 /* Check Pods Manifest.lock */ = {
			isa = PBXShellScriptBuildPhase;
			buildActionMask = 2147483647;
			files = (
			);
			inputPaths = (
			);
			name = "Check Pods Manifest.lock";
			outputPaths = (
			);
			runOnlyForDeploymentPostprocessing = 0;
			shellPath = /bin/sh;
			shellScript = "diff \"${PODS_ROOT}/../Podfile.lock\" \"${PODS_ROOT}/Manifest.lock\" > /dev/null\nif [[ $? != 0 ]] ; then\n    cat << EOM\nerror: The sandbox is not in sync with the Podfile.lock. Run 'pod install' or update your CocoaPods installation.\nEOM\n    exit 1\nfi\n";
			showEnvVarsInLog = 0;
		};
		CF29C9DDE18EB44472F01FBB /* Copy Pods Resources */ = {
			isa = PBXShellScriptBuildPhase;
			buildActionMask = 2147483647;
			files = (
			);
			inputPaths = (
			);
			name = "Copy Pods Resources";
			outputPaths = (
			);
			runOnlyForDeploymentPostprocessing = 0;
			shellPath = /bin/sh;
			shellScript = "\"${SRCROOT}/../Pods/Target Support Files/Pods/Pods-resources.sh\"\n";
			showEnvVarsInLog = 0;
		};
/* End PBXShellScriptBuildPhase section */

/* Begin PBXSourcesBuildPhase section */
		F3525F061B56855D006867A2 /* Sources */ = {
			isa = PBXSourcesBuildPhase;
			buildActionMask = 2147483647;
			files = (
				F3525F161B56855D006867A2 /* ViewController.m in Sources */,
				F3525F131B56855D006867A2 /* AppDelegate.m in Sources */,
				F3525F101B56855D006867A2 /* main.m in Sources */,
			);
			runOnlyForDeploymentPostprocessing = 0;
		};
		F3525F1F1B56855D006867A2 /* Sources */ = {
			isa = PBXSourcesBuildPhase;
			buildActionMask = 2147483647;
			files = (
				F3525F2A1B56855D006867A2 /* ParagonTests.m in Sources */,
			);
			runOnlyForDeploymentPostprocessing = 0;
		};
/* End PBXSourcesBuildPhase section */

/* Begin PBXTargetDependency section */
		F3525F251B56855D006867A2 /* PBXTargetDependency */ = {
			isa = PBXTargetDependency;
			target = F3525F091B56855D006867A2 /* Paragon */;
			targetProxy = F3525F241B56855D006867A2 /* PBXContainerItemProxy */;
		};
/* End PBXTargetDependency section */

/* Begin PBXVariantGroup section */
		F3525F171B56855D006867A2 /* Main.storyboard */ = {
			isa = PBXVariantGroup;
			children = (
				F3525F181B56855D006867A2 /* Base */,
			);
			name = Main.storyboard;
			sourceTree = "<group>";
		};
		F3525F1C1B56855D006867A2 /* LaunchScreen.xib */ = {
			isa = PBXVariantGroup;
			children = (
				F3525F1D1B56855D006867A2 /* Base */,
			);
			name = LaunchScreen.xib;
			sourceTree = "<group>";
		};
/* End PBXVariantGroup section */

/* Begin XCBuildConfiguration section */
		F3525F2B1B56855D006867A2 /* Debug */ = {
			isa = XCBuildConfiguration;
			buildSettings = {
				ALWAYS_SEARCH_USER_PATHS = NO;
				CLANG_CXX_LANGUAGE_STANDARD = "gnu++0x";
				CLANG_CXX_LIBRARY = "libc++";
				CLANG_ENABLE_MODULES = YES;
				CLANG_ENABLE_OBJC_ARC = YES;
				CLANG_WARN_BOOL_CONVERSION = YES;
				CLANG_WARN_CONSTANT_CONVERSION = YES;
				CLANG_WARN_DIRECT_OBJC_ISA_USAGE = YES_ERROR;
				CLANG_WARN_EMPTY_BODY = YES;
				CLANG_WARN_ENUM_CONVERSION = YES;
				CLANG_WARN_INT_CONVERSION = YES;
				CLANG_WARN_OBJC_ROOT_CLASS = YES_ERROR;
				CLANG_WARN_UNREACHABLE_CODE = YES;
				CLANG_WARN__DUPLICATE_METHOD_MATCH = YES;
				"CODE_SIGN_IDENTITY[sdk=iphoneos*]" = "iPhone Developer";
				COPY_PHASE_STRIP = NO;
				DEBUG_INFORMATION_FORMAT = "dwarf-with-dsym";
				ENABLE_STRICT_OBJC_MSGSEND = YES;
				GCC_C_LANGUAGE_STANDARD = gnu99;
				GCC_DYNAMIC_NO_PIC = NO;
				GCC_NO_COMMON_BLOCKS = YES;
				GCC_OPTIMIZATION_LEVEL = 0;
				GCC_PREPROCESSOR_DEFINITIONS = (
					"DEBUG=1",
					"$(inherited)",
				);
				GCC_SYMBOLS_PRIVATE_EXTERN = NO;
				GCC_WARN_64_TO_32_BIT_CONVERSION = YES;
				GCC_WARN_ABOUT_RETURN_TYPE = YES_ERROR;
				GCC_WARN_UNDECLARED_SELECTOR = YES;
				GCC_WARN_UNINITIALIZED_AUTOS = YES_AGGRESSIVE;
				GCC_WARN_UNUSED_FUNCTION = YES;
				GCC_WARN_UNUSED_VARIABLE = YES;
				IPHONEOS_DEPLOYMENT_TARGET = 8.3;
				MTL_ENABLE_DEBUG_INFO = YES;
				ONLY_ACTIVE_ARCH = YES;
				SDKROOT = iphoneos;
			};
			name = Debug;
		};
		F3525F2C1B56855D006867A2 /* Release */ = {
			isa = XCBuildConfiguration;
			buildSettings = {
				ALWAYS_SEARCH_USER_PATHS = NO;
				CLANG_CXX_LANGUAGE_STANDARD = "gnu++0x";
				CLANG_CXX_LIBRARY = "libc++";
				CLANG_ENABLE_MODULES = YES;
				CLANG_ENABLE_OBJC_ARC = YES;
				CLANG_WARN_BOOL_CONVERSION = YES;
				CLANG_WARN_CONSTANT_CONVERSION = YES;
				CLANG_WARN_DIRECT_OBJC_ISA_USAGE = YES_ERROR;
				CLANG_WARN_EMPTY_BODY = YES;
				CLANG_WARN_ENUM_CONVERSION = YES;
				CLANG_WARN_INT_CONVERSION = YES;
				CLANG_WARN_OBJC_ROOT_CLASS = YES_ERROR;
				CLANG_WARN_UNREACHABLE_CODE = YES;
				CLANG_WARN__DUPLICATE_METHOD_MATCH = YES;
				"CODE_SIGN_IDENTITY[sdk=iphoneos*]" = "iPhone Developer";
				COPY_PHASE_STRIP = NO;
				DEBUG_INFORMATION_FORMAT = "dwarf-with-dsym";
				ENABLE_NS_ASSERTIONS = NO;
				ENABLE_STRICT_OBJC_MSGSEND = YES;
				GCC_C_LANGUAGE_STANDARD = gnu99;
				GCC_NO_COMMON_BLOCKS = YES;
				GCC_WARN_64_TO_32_BIT_CONVERSION = YES;
				GCC_WARN_ABOUT_RETURN_TYPE = YES_ERROR;
				GCC_WARN_UNDECLARED_SELECTOR = YES;
				GCC_WARN_UNINITIALIZED_AUTOS = YES_AGGRESSIVE;
				GCC_WARN_UNUSED_FUNCTION = YES;
				GCC_WARN_UNUSED_VARIABLE = YES;
				IPHONEOS_DEPLOYMENT_TARGET = 8.3;
				MTL_ENABLE_DEBUG_INFO = NO;
				SDKROOT = iphoneos;
				VALIDATE_PRODUCT = YES;
			};
			name = Release;
		};
		F3525F2E1B56855D006867A2 /* Debug */ = {
			isa = XCBuildConfiguration;
			baseConfigurationReference = 5EF7DA326440AA4E37B3947A /* Pods.debug.xcconfig */;
			buildSettings = {
				ASSETCATALOG_COMPILER_APPICON_NAME = AppIcon;
				INFOPLIST_FILE = Paragon/Info.plist;
				LD_RUNPATH_SEARCH_PATHS = "$(inherited) @executable_path/Frameworks";
				PRODUCT_NAME = "$(TARGET_NAME)";
			};
			name = Debug;
		};
		F3525F2F1B56855D006867A2 /* Release */ = {
			isa = XCBuildConfiguration;
			baseConfigurationReference = F616DA5A485A8FF18BF670E1 /* Pods.release.xcconfig */;
			buildSettings = {
				ASSETCATALOG_COMPILER_APPICON_NAME = AppIcon;
				INFOPLIST_FILE = Paragon/Info.plist;
				LD_RUNPATH_SEARCH_PATHS = "$(inherited) @executable_path/Frameworks";
				PRODUCT_NAME = "$(TARGET_NAME)";
			};
			name = Release;
		};
		F3525F311B56855D006867A2 /* Debug */ = {
			isa = XCBuildConfiguration;
			buildSettings = {
				BUNDLE_LOADER = "$(TEST_HOST)";
				FRAMEWORK_SEARCH_PATHS = (
					"$(SDKROOT)/Developer/Library/Frameworks",
					"$(inherited)",
				);
				GCC_PREPROCESSOR_DEFINITIONS = (
					"DEBUG=1",
					"$(inherited)",
				);
				INFOPLIST_FILE = ParagonTests/Info.plist;
				LD_RUNPATH_SEARCH_PATHS = "$(inherited) @executable_path/Frameworks @loader_path/Frameworks";
				PRODUCT_NAME = "$(TARGET_NAME)";
				TEST_HOST = "$(BUILT_PRODUCTS_DIR)/Paragon.app/Paragon";
			};
			name = Debug;
		};
		F3525F321B56855D006867A2 /* Release */ = {
			isa = XCBuildConfiguration;
			buildSettings = {
				BUNDLE_LOADER = "$(TEST_HOST)";
				FRAMEWORK_SEARCH_PATHS = (
					"$(SDKROOT)/Developer/Library/Frameworks",
					"$(inherited)",
				);
				INFOPLIST_FILE = ParagonTests/Info.plist;
				LD_RUNPATH_SEARCH_PATHS = "$(inherited) @executable_path/Frameworks @loader_path/Frameworks";
				PRODUCT_NAME = "$(TARGET_NAME)";
				TEST_HOST = "$(BUILT_PRODUCTS_DIR)/Paragon.app/Paragon";
			};
			name = Release;
		};
/* End XCBuildConfiguration section */

/* Begin XCConfigurationList section */
		F3525F051B56855D006867A2 /* Build configuration list for PBXProject "Paragon" */ = {
			isa = XCConfigurationList;
			buildConfigurations = (
				F3525F2B1B56855D006867A2 /* Debug */,
				F3525F2C1B56855D006867A2 /* Release */,
			);
			defaultConfigurationIsVisible = 0;
			defaultConfigurationName = Release;
		};
		F3525F2D1B56855D006867A2 /* Build configuration list for PBXNativeTarget "Paragon" */ = {
			isa = XCConfigurationList;
			buildConfigurations = (
				F3525F2E1B56855D006867A2 /* Debug */,
				F3525F2F1B56855D006867A2 /* Release */,
			);
			defaultConfigurationIsVisible = 0;
			defaultConfigurationName = Release;
		};
		F3525F301B56855D006867A2 /* Build configuration list for PBXNativeTarget "ParagonTests" */ = {
			isa = XCConfigurationList;
			buildConfigurations = (
				F3525F311B56855D006867A2 /* Debug */,
				F3525F321B56855D006867A2 /* Release */,
			);
			defaultConfigurationIsVisible = 0;
			defaultConfigurationName = Release;
		};
/* End XCConfigurationList section */
	};
	rootObject = F3525F021B56855D006867A2 /* Project object */;
}
